
Microsoft Visual Studio Solution File, Format Version 12.00
Project("{FAE04EC0-301F-11D3-BF4B-00C04F79EFBC}") = "CoconaCliBuilder", "CoconaCliBuilder\CoconaCliBuilder.csproj", "{A6EC8B61-DE43-4CDA-BEF3-5CCACA5CECF5}"
EndProject
Global
	GlobalSection(SolutionConfigurationPlatforms) = preSolution
		Debug|Any CPU = Debug|Any CPU
		Release|Any CPU = Release|Any CPU
	EndGlobalSection
	GlobalSection(ProjectConfigurationPlatforms) = postSolution
		{A6EC8B61-DE43-4CDA-BEF3-5CCACA5CECF5}.Debug|Any CPU.ActiveCfg = Debug|Any CPU
		{A6EC8B61-DE43-4CDA-BEF3-5CCACA5CECF5}.Debug|Any CPU.Build.0 = Debug|Any CPU
		{A6EC8B61-DE43-4CDA-BEF3-5CCACA5CECF5}.Release|Any CPU.ActiveCfg = Release|Any CPU
		{A6EC8B61-DE43-4CDA-BEF3-5CCACA5CECF5}.Release|Any CPU.Build.0 = Release|Any CPU
	EndGlobalSection
EndGlobal
